
Microsoft Visual Studio Solution File, Format Version 12.00
# Visual Studio Version 17
VisualStudioVersion = 17.0.31903.59
MinimumVisualStudioVersion = 10.0.40219.1
Project("{2150E333-8FDC-42A3-9474-1A3956D46DE8}") = "src", "src", "{86C9C8EB-BEDC-4EAB-8332-6475890CF7B4}"
EndProject
Project("{2150E333-8FDC-42A3-9474-1A3956D46DE8}") = "BuildingBlocks", "BuildingBlocks", "{ECE9933F-47E7-4696-AD70-BA077907F8AE}"
EndProject
Project("{FAE04EC0-301F-11D3-BF4B-00C04F79EFBC}") = "BuildingBlocks.Domain", "src\BuildingBlocks\BuildingBlocks.Domain\BuildingBlocks.Domain.csproj", "{CE25077B-C43F-462D-BD31-F701B6A258B1}"
EndProject
Project("{FAE04EC0-301F-11D3-BF4B-00C04F79EFBC}") = "BuildingBlocks.Application", "src\BuildingBlocks\BuildingBlocks.Application\BuildingBlocks.Application.csproj", "{9A93D2AA-E333-49AB-831F-6D3D39478AC4}"
EndProject
Project("{FAE04EC0-301F-11D3-BF4B-00C04F79EFBC}") = "BuildingBlocks.Infrastructure", "src\BuildingBlocks\BuildingBlocks.Infrastructure\BuildingBlocks.Infrastructure.csproj", "{B76D845C-BE37-4628-BC57-3E576CB4E5D8}"
EndProject
Project("{FAE04EC0-301F-11D3-BF4B-00C04F79EFBC}") = "BuildingBlocks.Messaging", "src\BuildingBlocks\BuildingBlocks.Messaging\BuildingBlocks.Messaging.csproj", "{FD1FCD56-081D-4AD2-BCBE-CD81EF29BFBB}"
EndProject
Project("{2150E333-8FDC-42A3-9474-1A3956D46DE8}") = "Shared", "Shared", "{5478A08F-EA24-40A5-8967-C1C9E552580F}"
EndProject
Project("{FAE04EC0-301F-11D3-BF4B-00C04F79EFBC}") = "SalonSuite.Contracts", "src\Shared\SalonSuite.Contracts\SalonSuite.Contracts.csproj", "{EEF38837-074B-48F5-A78D-80857F3B8128}"
EndProject
Project("{2150E333-8FDC-42A3-9474-1A3956D46DE8}") = "Services", "Services", "{C2E5A0D7-3AAC-49CE-B823-9556CBF390B4}"
EndProject
Project("{2150E333-8FDC-42A3-9474-1A3956D46DE8}") = "IdentityAccess", "IdentityAccess", "{B1726318-EBAE-48F4-B1C0-01723660FFF4}"
EndProject
Project("{FAE04EC0-301F-11D3-BF4B-00C04F79EFBC}") = "IdentityAccess.Domain", "src\Services\IdentityAccess\IdentityAccess.Domain\IdentityAccess.Domain.csproj", "{46130570-DE48-47F9-8B42-D77CD28810A7}"
EndProject
Project("{FAE04EC0-301F-11D3-BF4B-00C04F79EFBC}") = "IdentityAccess.Application", "src\Services\IdentityAccess\IdentityAccess.Application\IdentityAccess.Application.csproj", "{679FF853-7FBE-46AA-A00B-F6CDB3CC03B5}"
EndProject
Project("{FAE04EC0-301F-11D3-BF4B-00C04F79EFBC}") = "IdentityAccess.Infrastructure", "src\Services\IdentityAccess\IdentityAccess.Infrastructure\IdentityAccess.Infrastructure.csproj", "{4229DB66-3979-4C2D-BB5B-66BFC4D527D8}"
EndProject
Project("{FAE04EC0-301F-11D3-BF4B-00C04F79EFBC}") = "IdentityAccess.Api", "src\Services\IdentityAccess\IdentityAccess.Api\IdentityAccess.Api.csproj", "{67F22F53-7BD6-439C-B6DA-762FF5F1AD84}"
EndProject
Project("{2150E333-8FDC-42A3-9474-1A3956D46DE8}") = "BranchConfiguration", "BranchConfiguration", "{C98E9585-69C1-4625-B45D-ECCF5E8D867C}"
EndProject
Project("{FAE04EC0-301F-11D3-BF4B-00C04F79EFBC}") = "BranchConfiguration.Domain", "src\Services\BranchConfiguration\BranchConfiguration.Domain\BranchConfiguration.Domain.csproj", "{91624733-D793-4635-970B-91EEAD1FF1DC}"
EndProject
Project("{FAE04EC0-301F-11D3-BF4B-00C04F79EFBC}") = "BranchConfiguration.Application", "src\Services\BranchConfiguration\BranchConfiguration.Application\BranchConfiguration.Application.csproj", "{F84E0975-8D82-40D4-BDBD-BA9AF77108E1}"
EndProject
Project("{FAE04EC0-301F-11D3-BF4B-00C04F79EFBC}") = "BranchConfiguration.Infrastructure", "src\Services\BranchConfiguration\BranchConfiguration.Infrastructure\BranchConfiguration.Infrastructure.csproj", "{A31AFA89-D9F3-45CE-BC22-FE5F0AC6E59C}"
EndProject
Project("{FAE04EC0-301F-11D3-BF4B-00C04F79EFBC}") = "BranchConfiguration.Api", "src\Services\BranchConfiguration\BranchConfiguration.Api\BranchConfiguration.Api.csproj", "{14AB0831-FFA8-4BE4-B9F4-C37A3DF19BCF}"
EndProject
Project("{2150E333-8FDC-42A3-9474-1A3956D46DE8}") = "Catalog", "Catalog", "{909A3775-0C4D-4573-9363-A691EAC24023}"
EndProject
Project("{FAE04EC0-301F-11D3-BF4B-00C04F79EFBC}") = "Catalog.Domain", "src\Services\Catalog\Catalog.Domain\Catalog.Domain.csproj", "{9F731A2F-FF9F-46FD-ABA1-AF026CBCF442}"
EndProject
Project("{FAE04EC0-301F-11D3-BF4B-00C04F79EFBC}") = "Catalog.Application", "src\Services\Catalog\Catalog.Application\Catalog.Application.csproj", "{79AF8A1B-8E76-4AA0-B1BA-40EA312DF6C4}"
EndProject
Project("{FAE04EC0-301F-11D3-BF4B-00C04F79EFBC}") = "Catalog.Infrastructure", "src\Services\Catalog\Catalog.Infrastructure\Catalog.Infrastructure.csproj", "{193412A5-D4F0-4E7C-9690-6695C694DD40}"
EndProject
Project("{FAE04EC0-301F-11D3-BF4B-00C04F79EFBC}") = "Catalog.Api", "src\Services\Catalog\Catalog.Api\Catalog.Api.csproj", "{92E88119-2155-4EF9-B98D-E537569C96F2}"
EndProject
Project("{2150E333-8FDC-42A3-9474-1A3956D46DE8}") = "BookingCalendar", "BookingCalendar", "{86475850-3981-46C7-A021-217D1CCF66C1}"
EndProject
Project("{FAE04EC0-301F-11D3-BF4B-00C04F79EFBC}") = "BookingCalendar.Domain", "src\Services\BookingCalendar\BookingCalendar.Domain\BookingCalendar.Domain.csproj", "{A6E5E759-3951-442B-BB69-23617186588F}"
EndProject
Project("{FAE04EC0-301F-11D3-BF4B-00C04F79EFBC}") = "BookingCalendar.Application", "src\Services\BookingCalendar\BookingCalendar.Application\BookingCalendar.Application.csproj", "{A249CCC8-4E89-4135-993E-E6276F4F6ABA}"
EndProject
Project("{FAE04EC0-301F-11D3-BF4B-00C04F79EFBC}") = "BookingCalendar.Infrastructure", "src\Services\BookingCalendar\BookingCalendar.Infrastructure\BookingCalendar.Infrastructure.csproj", "{4EECE3DF-3583-4BFD-9B2F-92C174CE4D24}"
EndProject
Project("{FAE04EC0-301F-11D3-BF4B-00C04F79EFBC}") = "BookingCalendar.Api", "src\Services\BookingCalendar\BookingCalendar.Api\BookingCalendar.Api.csproj", "{8832366A-2BFF-42B2-9460-2C6675C68BFB}"
EndProject
Project("{2150E333-8FDC-42A3-9474-1A3956D46DE8}") = "PosTransactions", "PosTransactions", "{4ACD71D6-A926-401B-91F2-01B627462459}"
EndProject
Project("{FAE04EC0-301F-11D3-BF4B-00C04F79EFBC}") = "PosTransactions.Domain", "src\Services\PosTransactions\PosTransactions.Domain\PosTransactions.Domain.csproj", "{E0FDC2C1-38B7-4872-A901-3D9D7BB9674D}"
EndProject
Project("{FAE04EC0-301F-11D3-BF4B-00C04F79EFBC}") = "PosTransactions.Application", "src\Services\PosTransactions\PosTransactions.Application\PosTransactions.Application.csproj", "{4E659417-41B8-4A6B-B09E-39116289B7A0}"
EndProject
Project("{FAE04EC0-301F-11D3-BF4B-00C04F79EFBC}") = "PosTransactions.Infrastructure", "src\Services\PosTransactions\PosTransactions.Infrastructure\PosTransactions.Infrastructure.csproj", "{D9128058-C1F6-4CD1-8407-4AC8897C0FF0}"
EndProject
Project("{FAE04EC0-301F-11D3-BF4B-00C04F79EFBC}") = "PosTransactions.Api", "src\Services\PosTransactions\PosTransactions.Api\PosTransactions.Api.csproj", "{C8F6A9E8-8E64-4033-9381-FBB38D4A85CA}"
EndProject
Project("{2150E333-8FDC-42A3-9474-1A3956D46DE8}") = "PaymentsAdapter", "PaymentsAdapter", "{C0AAA415-9CB5-4202-86EF-1F92E2B6BF94}"
EndProject
Project("{FAE04EC0-301F-11D3-BF4B-00C04F79EFBC}") = "PaymentsAdapter.Domain", "src\Services\PaymentsAdapter\PaymentsAdapter.Domain\PaymentsAdapter.Domain.csproj", "{9AF76D1A-FD02-4F15-8000-CDAEF6D4606F}"
EndProject
Project("{FAE04EC0-301F-11D3-BF4B-00C04F79EFBC}") = "PaymentsAdapter.Application", "src\Services\PaymentsAdapter\PaymentsAdapter.Application\PaymentsAdapter.Application.csproj", "{2F0CADCD-63AF-41CF-83B7-B113681054C6}"
EndProject
Project("{FAE04EC0-301F-11D3-BF4B-00C04F79EFBC}") = "PaymentsAdapter.Infrastructure", "src\Services\PaymentsAdapter\PaymentsAdapter.Infrastructure\PaymentsAdapter.Infrastructure.csproj", "{10048FA9-8D00-4877-BE54-410540CF6986}"
EndProject
Project("{FAE04EC0-301F-11D3-BF4B-00C04F79EFBC}") = "PaymentsAdapter.Api", "src\Services\PaymentsAdapter\PaymentsAdapter.Api\PaymentsAdapter.Api.csproj", "{CECEEDF5-DF4B-46BB-BC9D-BE4F19379D7C}"
EndProject
Project("{2150E333-8FDC-42A3-9474-1A3956D46DE8}") = "StaffPayroll", "StaffPayroll", "{3C207377-CBBB-4E68-9935-698234FA14EF}"
EndProject
Project("{FAE04EC0-301F-11D3-BF4B-00C04F79EFBC}") = "StaffPayroll.Domain", "src\Services\StaffPayroll\StaffPayroll.Domain\StaffPayroll.Domain.csproj", "{64307E0B-142A-4913-AC6B-BEFE2D0215D6}"
EndProject
Project("{FAE04EC0-301F-11D3-BF4B-00C04F79EFBC}") = "StaffPayroll.Application", "src\Services\StaffPayroll\StaffPayroll.Application\StaffPayroll.Application.csproj", "{7C06384F-4F61-4F64-8312-576B3873C29B}"
EndProject
Project("{FAE04EC0-301F-11D3-BF4B-00C04F79EFBC}") = "StaffPayroll.Infrastructure", "src\Services\StaffPayroll\StaffPayroll.Infrastructure\StaffPayroll.Infrastructure.csproj", "{B6B118C3-F03A-480F-9935-E16DFF2D293B}"
EndProject
Project("{FAE04EC0-301F-11D3-BF4B-00C04F79EFBC}") = "StaffPayroll.Api", "src\Services\StaffPayroll\StaffPayroll.Api\StaffPayroll.Api.csproj", "{013C2638-97C3-435B-83AC-0FBEF2D33049}"
EndProject
Project("{2150E333-8FDC-42A3-9474-1A3956D46DE8}") = "ClientManagement", "ClientManagement", "{86A8D0D4-5FBE-4149-A2C8-27D796C734FE}"
EndProject
Project("{FAE04EC0-301F-11D3-BF4B-00C04F79EFBC}") = "ClientManagement.Domain", "src\Services\ClientManagement\ClientManagement.Domain\ClientManagement.Domain.csproj", "{BCF14194-7C02-4579-A514-30376AA516B9}"
EndProject
Project("{FAE04EC0-301F-11D3-BF4B-00C04F79EFBC}") = "ClientManagement.Application", "src\Services\ClientManagement\ClientManagement.Application\ClientManagement.Application.csproj", "{AF224680-1331-4628-80DA-3C2BB3ABF78E}"
EndProject
Project("{FAE04EC0-301F-11D3-BF4B-00C04F79EFBC}") = "ClientManagement.Infrastructure", "src\Services\ClientManagement\ClientManagement.Infrastructure\ClientManagement.Infrastructure.csproj", "{9BECC47B-DAF9-444C-83A7-2F97F0B1DD1D}"
EndProject
Project("{FAE04EC0-301F-11D3-BF4B-00C04F79EFBC}") = "ClientManagement.Api", "src\Services\ClientManagement\ClientManagement.Api\ClientManagement.Api.csproj", "{1BA62C08-0CAD-4E56-9D88-862E66951399}"
EndProject
Project("{2150E333-8FDC-42A3-9474-1A3956D46DE8}") = "Notification", "Notification", "{21B95D06-F5A9-4D21-AD6C-5AB84EB03576}"
EndProject
Project("{FAE04EC0-301F-11D3-BF4B-00C04F79EFBC}") = "Notification.Domain", "src\Services\Notification\Notification.Domain\Notification.Domain.csproj", "{BB751142-AE5E-44F4-8561-36417D1B64DB}"
EndProject
Project("{FAE04EC0-301F-11D3-BF4B-00C04F79EFBC}") = "Notification.Application", "src\Services\Notification\Notification.Application\Notification.Application.csproj", "{1BD8F4E1-B375-4F2F-85E7-2A35EAF99FC8}"
EndProject
Project("{FAE04EC0-301F-11D3-BF4B-00C04F79EFBC}") = "Notification.Infrastructure", "src\Services\Notification\Notification.Infrastructure\Notification.Infrastructure.csproj", "{423093E0-FAB3-4D66-9BA7-E4A4B9EEEBE2}"
EndProject
Project("{FAE04EC0-301F-11D3-BF4B-00C04F79EFBC}") = "Notification.Api", "src\Services\Notification\Notification.Api\Notification.Api.csproj", "{FE1446C9-D02A-4A8D-8117-27C51E2819E8}"
EndProject
Project("{2150E333-8FDC-42A3-9474-1A3956D46DE8}") = "ReportingAnalytics", "ReportingAnalytics", "{0157B6CB-1B77-40D7-9DB0-D10ADA98E6AC}"
EndProject
Project("{FAE04EC0-301F-11D3-BF4B-00C04F79EFBC}") = "ReportingAnalytics.Domain", "src\Services\ReportingAnalytics\ReportingAnalytics.Domain\ReportingAnalytics.Domain.csproj", "{3E08A4A3-4D2A-4186-9C40-191E0F8BBC3D}"
EndProject
Project("{FAE04EC0-301F-11D3-BF4B-00C04F79EFBC}") = "ReportingAnalytics.Application", "src\Services\ReportingAnalytics\ReportingAnalytics.Application\ReportingAnalytics.Application.csproj", "{7C9BBC60-B97D-4004-A638-DD75EB3E31C9}"
EndProject
Project("{FAE04EC0-301F-11D3-BF4B-00C04F79EFBC}") = "ReportingAnalytics.Infrastructure", "src\Services\ReportingAnalytics\ReportingAnalytics.Infrastructure\ReportingAnalytics.Infrastructure.csproj", "{6F58658D-D126-41E3-8756-8E457FD251D7}"
EndProject
Project("{FAE04EC0-301F-11D3-BF4B-00C04F79EFBC}") = "ReportingAnalytics.Api", "src\Services\ReportingAnalytics\ReportingAnalytics.Api\ReportingAnalytics.Api.csproj", "{F21E2E6E-B206-454E-80B9-574CE2918348}"
EndProject
Project("{2150E333-8FDC-42A3-9474-1A3956D46DE8}") = "SyncOffline", "SyncOffline", "{D7CD2FC7-F89B-49A8-8F89-1EED7981628C}"
EndProject
Project("{FAE04EC0-301F-11D3-BF4B-00C04F79EFBC}") = "SyncOffline.Domain", "src\Services\SyncOffline\SyncOffline.Domain\SyncOffline.Domain.csproj", "{4996EB54-0811-4DAE-A2FB-50E8AED964FC}"
EndProject
Project("{FAE04EC0-301F-11D3-BF4B-00C04F79EFBC}") = "SyncOffline.Application", "src\Services\SyncOffline\SyncOffline.Application\SyncOffline.Application.csproj", "{56251A89-1D10-474E-AA48-F5E9363AFEF7}"
EndProject
Project("{FAE04EC0-301F-11D3-BF4B-00C04F79EFBC}") = "SyncOffline.Infrastructure", "src\Services\SyncOffline\SyncOffline.Infrastructure\SyncOffline.Infrastructure.csproj", "{39E1CCE4-3FE5-42BC-A533-DC98A1EFF8CB}"
EndProject
Project("{FAE04EC0-301F-11D3-BF4B-00C04F79EFBC}") = "SyncOffline.Api", "src\Services\SyncOffline\SyncOffline.Api\SyncOffline.Api.csproj", "{99378B82-FA44-4AE1-8D7C-E9C9FC7C5F0F}"
EndProject
Project("{2150E333-8FDC-42A3-9474-1A3956D46DE8}") = "AuditCompliance", "AuditCompliance", "{3AE4D9CA-C1E0-45A3-997E-7A12F4858801}"
EndProject
Project("{FAE04EC0-301F-11D3-BF4B-00C04F79EFBC}") = "AuditCompliance.Domain", "src\Services\AuditCompliance\AuditCompliance.Domain\AuditCompliance.Domain.csproj", "{71908595-AC5D-4322-AEC8-ACA3812DF711}"
EndProject
Project("{FAE04EC0-301F-11D3-BF4B-00C04F79EFBC}") = "AuditCompliance.Application", "src\Services\AuditCompliance\AuditCompliance.Application\AuditCompliance.Application.csproj", "{A4A9E013-1DA5-4C43-9237-71377B01BDF7}"
EndProject
Project("{FAE04EC0-301F-11D3-BF4B-00C04F79EFBC}") = "AuditCompliance.Infrastructure", "src\Services\AuditCompliance\AuditCompliance.Infrastructure\AuditCompliance.Infrastructure.csproj", "{E749A335-BA11-43B6-AF7B-90690F4EAA92}"
EndProject
Project("{FAE04EC0-301F-11D3-BF4B-00C04F79EFBC}") = "AuditCompliance.Api", "src\Services\AuditCompliance\AuditCompliance.Api\AuditCompliance.Api.csproj", "{F980B2E6-0DBD-4E7F-9ADC-C6C348FC5283}"
EndProject
Global
	GlobalSection(SolutionConfigurationPlatforms) = preSolution
		Debug|Any CPU = Debug|Any CPU
		Release|Any CPU = Release|Any CPU
	EndGlobalSection
	GlobalSection(SolutionProperties) = preSolution
		HideSolutionNode = FALSE
	EndGlobalSection
	GlobalSection(ProjectConfigurationPlatforms) = postSolution
		{CE25077B-C43F-462D-BD31-F701B6A258B1}.Debug|Any CPU.ActiveCfg = Debug|Any CPU
		{CE25077B-C43F-462D-BD31-F701B6A258B1}.Debug|Any CPU.Build.0 = Debug|Any CPU
		{CE25077B-C43F-462D-BD31-F701B6A258B1}.Release|Any CPU.ActiveCfg = Release|Any CPU
		{CE25077B-C43F-462D-BD31-F701B6A258B1}.Release|Any CPU.Build.0 = Release|Any CPU
		{9A93D2AA-E333-49AB-831F-6D3D39478AC4}.Debug|Any CPU.ActiveCfg = Debug|Any CPU
		{9A93D2AA-E333-49AB-831F-6D3D39478AC4}.Debug|Any CPU.Build.0 = Debug|Any CPU
		{9A93D2AA-E333-49AB-831F-6D3D39478AC4}.Release|Any CPU.ActiveCfg = Release|Any CPU
		{9A93D2AA-E333-49AB-831F-6D3D39478AC4}.Release|Any CPU.Build.0 = Release|Any CPU
		{B76D845C-BE37-4628-BC57-3E576CB4E5D8}.Debug|Any CPU.ActiveCfg = Debug|Any CPU
		{B76D845C-BE37-4628-BC57-3E576CB4E5D8}.Debug|Any CPU.Build.0 = Debug|Any CPU
		{B76D845C-BE37-4628-BC57-3E576CB4E5D8}.Release|Any CPU.ActiveCfg = Release|Any CPU
		{B76D845C-BE37-4628-BC57-3E576CB4E5D8}.Release|Any CPU.Build.0 = Release|Any CPU
		{FD1FCD56-081D-4AD2-BCBE-CD81EF29BFBB}.Debug|Any CPU.ActiveCfg = Debug|Any CPU
		{FD1FCD56-081D-4AD2-BCBE-CD81EF29BFBB}.Debug|Any CPU.Build.0 = Debug|Any CPU
		{FD1FCD56-081D-4AD2-BCBE-CD81EF29BFBB}.Release|Any CPU.ActiveCfg = Release|Any CPU
		{FD1FCD56-081D-4AD2-BCBE-CD81EF29BFBB}.Release|Any CPU.Build.0 = Release|Any CPU
		{EEF38837-074B-48F5-A78D-80857F3B8128}.Debug|Any CPU.ActiveCfg = Debug|Any CPU
		{EEF38837-074B-48F5-A78D-80857F3B8128}.Debug|Any CPU.Build.0 = Debug|Any CPU
		{EEF38837-074B-48F5-A78D-80857F3B8128}.Release|Any CPU.ActiveCfg = Release|Any CPU
		{EEF38837-074B-48F5-A78D-80857F3B8128}.Release|Any CPU.Build.0 = Release|Any CPU
		{46130570-DE48-47F9-8B42-D77CD28810A7}.Debug|Any CPU.ActiveCfg = Debug|Any CPU
		{46130570-DE48-47F9-8B42-D77CD28810A7}.Debug|Any CPU.Build.0 = Debug|Any CPU
		{46130570-DE48-47F9-8B42-D77CD28810A7}.Release|Any CPU.ActiveCfg = Release|Any CPU
		{46130570-DE48-47F9-8B42-D77CD28810A7}.Release|Any CPU.Build.0 = Release|Any CPU
		{679FF853-7FBE-46AA-A00B-F6CDB3CC03B5}.Debug|Any CPU.ActiveCfg = Debug|Any CPU
		{679FF853-7FBE-46AA-A00B-F6CDB3CC03B5}.Debug|Any CPU.Build.0 = Debug|Any CPU
		{679FF853-7FBE-46AA-A00B-F6CDB3CC03B5}.Release|Any CPU.ActiveCfg = Release|Any CPU
		{679FF853-7FBE-46AA-A00B-F6CDB3CC03B5}.Release|Any CPU.Build.0 = Release|Any CPU
		{4229DB66-3979-4C2D-BB5B-66BFC4D527D8}.Debug|Any CPU.ActiveCfg = Debug|Any CPU
		{4229DB66-3979-4C2D-BB5B-66BFC4D527D8}.Debug|Any CPU.Build.0 = Debug|Any CPU
		{4229DB66-3979-4C2D-BB5B-66BFC4D527D8}.Release|Any CPU.ActiveCfg = Release|Any CPU
		{4229DB66-3979-4C2D-BB5B-66BFC4D527D8}.Release|Any CPU.Build.0 = Release|Any CPU
		{67F22F53-7BD6-439C-B6DA-762FF5F1AD84}.Debug|Any CPU.ActiveCfg = Debug|Any CPU
		{67F22F53-7BD6-439C-B6DA-762FF5F1AD84}.Debug|Any CPU.Build.0 = Debug|Any CPU
		{67F22F53-7BD6-439C-B6DA-762FF5F1AD84}.Release|Any CPU.ActiveCfg = Release|Any CPU
		{67F22F53-7BD6-439C-B6DA-762FF5F1AD84}.Release|Any CPU.Build.0 = Release|Any CPU
		{91624733-D793-4635-970B-91EEAD1FF1DC}.Debug|Any CPU.ActiveCfg = Debug|Any CPU
		{91624733-D793-4635-970B-91EEAD1FF1DC}.Debug|Any CPU.Build.0 = Debug|Any CPU
		{91624733-D793-4635-970B-91EEAD1FF1DC}.Release|Any CPU.ActiveCfg = Release|Any CPU
		{91624733-D793-4635-970B-91EEAD1FF1DC}.Release|Any CPU.Build.0 = Release|Any CPU
		{F84E0975-8D82-40D4-BDBD-BA9AF77108E1}.Debug|Any CPU.ActiveCfg = Debug|Any CPU
		{F84E0975-8D82-40D4-BDBD-BA9AF77108E1}.Debug|Any CPU.Build.0 = Debug|Any CPU
		{F84E0975-8D82-40D4-BDBD-BA9AF77108E1}.Release|Any CPU.ActiveCfg = Release|Any CPU
		{F84E0975-8D82-40D4-BDBD-BA9AF77108E1}.Release|Any CPU.Build.0 = Release|Any CPU
		{A31AFA89-D9F3-45CE-BC22-FE5F0AC6E59C}.Debug|Any CPU.ActiveCfg = Debug|Any CPU
		{A31AFA89-D9F3-45CE-BC22-FE5F0AC6E59C}.Debug|Any CPU.Build.0 = Debug|Any CPU
		{A31AFA89-D9F3-45CE-BC22-FE5F0AC6E59C}.Release|Any CPU.ActiveCfg = Release|Any CPU
		{A31AFA89-D9F3-45CE-BC22-FE5F0AC6E59C}.Release|Any CPU.Build.0 = Release|Any CPU
		{14AB0831-FFA8-4BE4-B9F4-C37A3DF19BCF}.Debug|Any CPU.ActiveCfg = Debug|Any CPU
		{14AB0831-FFA8-4BE4-B9F4-C37A3DF19BCF}.Debug|Any CPU.Build.0 = Debug|Any CPU
		{14AB0831-FFA8-4BE4-B9F4-C37A3DF19BCF}.Release|Any CPU.ActiveCfg = Release|Any CPU
		{14AB0831-FFA8-4BE4-B9F4-C37A3DF19BCF}.Release|Any CPU.Build.0 = Release|Any CPU
		{9F731A2F-FF9F-46FD-ABA1-AF026CBCF442}.Debug|Any CPU.ActiveCfg = Debug|Any CPU
		{9F731A2F-FF9F-46FD-ABA1-AF026CBCF442}.Debug|Any CPU.Build.0 = Debug|Any CPU
		{9F731A2F-FF9F-46FD-ABA1-AF026CBCF442}.Release|Any CPU.ActiveCfg = Release|Any CPU
		{9F731A2F-FF9F-46FD-ABA1-AF026CBCF442}.Release|Any CPU.Build.0 = Release|Any CPU
		{79AF8A1B-8E76-4AA0-B1BA-40EA312DF6C4}.Debug|Any CPU.ActiveCfg = Debug|Any CPU
		{79AF8A1B-8E76-4AA0-B1BA-40EA312DF6C4}.Debug|Any CPU.Build.0 = Debug|Any CPU
		{79AF8A1B-8E76-4AA0-B1BA-40EA312DF6C4}.Release|Any CPU.ActiveCfg = Release|Any CPU
		{79AF8A1B-8E76-4AA0-B1BA-40EA312DF6C4}.Release|Any CPU.Build.0 = Release|Any CPU
		{193412A5-D4F0-4E7C-9690-6695C694DD40}.Debug|Any CPU.ActiveCfg = Debug|Any CPU
		{193412A5-D4F0-4E7C-9690-6695C694DD40}.Debug|Any CPU.Build.0 = Debug|Any CPU
		{193412A5-D4F0-4E7C-9690-6695C694DD40}.Release|Any CPU.ActiveCfg = Release|Any CPU
		{193412A5-D4F0-4E7C-9690-6695C694DD40}.Release|Any CPU.Build.0 = Release|Any CPU
		{92E88119-2155-4EF9-B98D-E537569C96F2}.Debug|Any CPU.ActiveCfg = Debug|Any CPU
		{92E88119-2155-4EF9-B98D-E537569C96F2}.Debug|Any CPU.Build.0 = Debug|Any CPU
		{92E88119-2155-4EF9-B98D-E537569C96F2}.Release|Any CPU.ActiveCfg = Release|Any CPU
		{92E88119-2155-4EF9-B98D-E537569C96F2}.Release|Any CPU.Build.0 = Release|Any CPU
		{A6E5E759-3951-442B-BB69-23617186588F}.Debug|Any CPU.ActiveCfg = Debug|Any CPU
		{A6E5E759-3951-442B-BB69-23617186588F}.Debug|Any CPU.Build.0 = Debug|Any CPU
		{A6E5E759-3951-442B-BB69-23617186588F}.Release|Any CPU.ActiveCfg = Release|Any CPU
		{A6E5E759-3951-442B-BB69-23617186588F}.Release|Any CPU.Build.0 = Release|Any CPU
		{A249CCC8-4E89-4135-993E-E6276F4F6ABA}.Debug|Any CPU.ActiveCfg = Debug|Any CPU
		{A249CCC8-4E89-4135-993E-E6276F4F6ABA}.Debug|Any CPU.Build.0 = Debug|Any CPU
		{A249CCC8-4E89-4135-993E-E6276F4F6ABA}.Release|Any CPU.ActiveCfg = Release|Any CPU
		{A249CCC8-4E89-4135-993E-E6276F4F6ABA}.Release|Any CPU.Build.0 = Release|Any CPU
		{4EECE3DF-3583-4BFD-9B2F-92C174CE4D24}.Debug|Any CPU.ActiveCfg = Debug|Any CPU
		{4EECE3DF-3583-4BFD-9B2F-92C174CE4D24}.Debug|Any CPU.Build.0 = Debug|Any CPU
		{4EECE3DF-3583-4BFD-9B2F-92C174CE4D24}.Release|Any CPU.ActiveCfg = Release|Any CPU
		{4EECE3DF-3583-4BFD-9B2F-92C174CE4D24}.Release|Any CPU.Build.0 = Release|Any CPU
		{8832366A-2BFF-42B2-9460-2C6675C68BFB}.Debug|Any CPU.ActiveCfg = Debug|Any CPU
		{8832366A-2BFF-42B2-9460-2C6675C68BFB}.Debug|Any CPU.Build.0 = Debug|Any CPU
		{8832366A-2BFF-42B2-9460-2C6675C68BFB}.Release|Any CPU.ActiveCfg = Release|Any CPU
		{8832366A-2BFF-42B2-9460-2C6675C68BFB}.Release|Any CPU.Build.0 = Release|Any CPU
		{E0FDC2C1-38B7-4872-A901-3D9D7BB9674D}.Debug|Any CPU.ActiveCfg = Debug|Any CPU
		{E0FDC2C1-38B7-4872-A901-3D9D7BB9674D}.Debug|Any CPU.Build.0 = Debug|Any CPU
		{E0FDC2C1-38B7-4872-A901-3D9D7BB9674D}.Release|Any CPU.ActiveCfg = Release|Any CPU
		{E0FDC2C1-38B7-4872-A901-3D9D7BB9674D}.Release|Any CPU.Build.0 = Release|Any CPU
		{4E659417-41B8-4A6B-B09E-39116289B7A0}.Debug|Any CPU.ActiveCfg = Debug|Any CPU
		{4E659417-41B8-4A6B-B09E-39116289B7A0}.Debug|Any CPU.Build.0 = Debug|Any CPU
		{4E659417-41B8-4A6B-B09E-39116289B7A0}.Release|Any CPU.ActiveCfg = Release|Any CPU
		{4E659417-41B8-4A6B-B09E-39116289B7A0}.Release|Any CPU.Build.0 = Release|Any CPU
		{D9128058-C1F6-4CD1-8407-4AC8897C0FF0}.Debug|Any CPU.ActiveCfg = Debug|Any CPU
		{D9128058-C1F6-4CD1-8407-4AC8897C0FF0}.Debug|Any CPU.Build.0 = Debug|Any CPU
		{D9128058-C1F6-4CD1-8407-4AC8897C0FF0}.Release|Any CPU.ActiveCfg = Release|Any CPU
		{D9128058-C1F6-4CD1-8407-4AC8897C0FF0}.Release|Any CPU.Build.0 = Release|Any CPU
		{C8F6A9E8-8E64-4033-9381-FBB38D4A85CA}.Debug|Any CPU.ActiveCfg = Debug|Any CPU
		{C8F6A9E8-8E64-4033-9381-FBB38D4A85CA}.Debug|Any CPU.Build.0 = Debug|Any CPU
		{C8F6A9E8-8E64-4033-9381-FBB38D4A85CA}.Release|Any CPU.ActiveCfg = Release|Any CPU
		{C8F6A9E8-8E64-4033-9381-FBB38D4A85CA}.Release|Any CPU.Build.0 = Release|Any CPU
		{9AF76D1A-FD02-4F15-8000-CDAEF6D4606F}.Debug|Any CPU.ActiveCfg = Debug|Any CPU
		{9AF76D1A-FD02-4F15-8000-CDAEF6D4606F}.Debug|Any CPU.Build.0 = Debug|Any CPU
		{9AF76D1A-FD02-4F15-8000-CDAEF6D4606F}.Release|Any CPU.ActiveCfg = Release|Any CPU
		{9AF76D1A-FD02-4F15-8000-CDAEF6D4606F}.Release|Any CPU.Build.0 = Release|Any CPU
		{2F0CADCD-63AF-41CF-83B7-B113681054C6}.Debug|Any CPU.ActiveCfg = Debug|Any CPU
		{2F0CADCD-63AF-41CF-83B7-B113681054C6}.Debug|Any CPU.Build.0 = Debug|Any CPU
		{2F0CADCD-63AF-41CF-83B7-B113681054C6}.Release|Any CPU.ActiveCfg = Release|Any CPU
		{2F0CADCD-63AF-41CF-83B7-B113681054C6}.Release|Any CPU.Build.0 = Release|Any CPU
		{10048FA9-8D00-4877-BE54-410540CF6986}.Debug|Any CPU.ActiveCfg = Debug|Any CPU
		{10048FA9-8D00-4877-BE54-410540CF6986}.Debug|Any CPU.Build.0 = Debug|Any CPU
		{10048FA9-8D00-4877-BE54-410540CF6986}.Release|Any CPU.ActiveCfg = Release|Any CPU
		{10048FA9-8D00-4877-BE54-410540CF6986}.Release|Any CPU.Build.0 = Release|Any CPU
		{CECEEDF5-DF4B-46BB-BC9D-BE4F19379D7C}.Debug|Any CPU.ActiveCfg = Debug|Any CPU
		{CECEEDF5-DF4B-46BB-BC9D-BE4F19379D7C}.Debug|Any CPU.Build.0 = Debug|Any CPU
		{CECEEDF5-DF4B-46BB-BC9D-BE4F19379D7C}.Release|Any CPU.ActiveCfg = Release|Any CPU
		{CECEEDF5-DF4B-46BB-BC9D-BE4F19379D7C}.Release|Any CPU.Build.0 = Release|Any CPU
		{64307E0B-142A-4913-AC6B-BEFE2D0215D6}.Debug|Any CPU.ActiveCfg = Debug|Any CPU
		{64307E0B-142A-4913-AC6B-BEFE2D0215D6}.Debug|Any CPU.Build.0 = Debug|Any CPU
		{64307E0B-142A-4913-AC6B-BEFE2D0215D6}.Release|Any CPU.ActiveCfg = Release|Any CPU
		{64307E0B-142A-4913-AC6B-BEFE2D0215D6}.Release|Any CPU.Build.0 = Release|Any CPU
		{7C06384F-4F61-4F64-8312-576B3873C29B}.Debug|Any CPU.ActiveCfg = Debug|Any CPU
		{7C06384F-4F61-4F64-8312-576B3873C29B}.Debug|Any CPU.Build.0 = Debug|Any CPU
		{7C06384F-4F61-4F64-8312-576B3873C29B}.Release|Any CPU.ActiveCfg = Release|Any CPU
		{7C06384F-4F61-4F64-8312-576B3873C29B}.Release|Any CPU.Build.0 = Release|Any CPU
		{B6B118C3-F03A-480F-9935-E16DFF2D293B}.Debug|Any CPU.ActiveCfg = Debug|Any CPU
		{B6B118C3-F03A-480F-9935-E16DFF2D293B}.Debug|Any CPU.Build.0 = Debug|Any CPU
		{B6B118C3-F03A-480F-9935-E16DFF2D293B}.Release|Any CPU.ActiveCfg = Release|Any CPU
		{B6B118C3-F03A-480F-9935-E16DFF2D293B}.Release|Any CPU.Build.0 = Release|Any CPU
		{013C2638-97C3-435B-83AC-0FBEF2D33049}.Debug|Any CPU.ActiveCfg = Debug|Any CPU
		{013C2638-97C3-435B-83AC-0FBEF2D33049}.Debug|Any CPU.Build.0 = Debug|Any CPU
		{013C2638-97C3-435B-83AC-0FBEF2D33049}.Release|Any CPU.ActiveCfg = Release|Any CPU
		{013C2638-97C3-435B-83AC-0FBEF2D33049}.Release|Any CPU.Build.0 = Release|Any CPU
		{BCF14194-7C02-4579-A514-30376AA516B9}.Debug|Any CPU.ActiveCfg = Debug|Any CPU
		{BCF14194-7C02-4579-A514-30376AA516B9}.Debug|Any CPU.Build.0 = Debug|Any CPU
		{BCF14194-7C02-4579-A514-30376AA516B9}.Release|Any CPU.ActiveCfg = Release|Any CPU
		{BCF14194-7C02-4579-A514-30376AA516B9}.Release|Any CPU.Build.0 = Release|Any CPU
		{AF224680-1331-4628-80DA-3C2BB3ABF78E}.Debug|Any CPU.ActiveCfg = Debug|Any CPU
		{AF224680-1331-4628-80DA-3C2BB3ABF78E}.Debug|Any CPU.Build.0 = Debug|Any CPU
		{AF224680-1331-4628-80DA-3C2BB3ABF78E}.Release|Any CPU.ActiveCfg = Release|Any CPU
		{AF224680-1331-4628-80DA-3C2BB3ABF78E}.Release|Any CPU.Build.0 = Release|Any CPU
		{9BECC47B-DAF9-444C-83A7-2F97F0B1DD1D}.Debug|Any CPU.ActiveCfg = Debug|Any CPU
		{9BECC47B-DAF9-444C-83A7-2F97F0B1DD1D}.Debug|Any CPU.Build.0 = Debug|Any CPU
		{9BECC47B-DAF9-444C-83A7-2F97F0B1DD1D}.Release|Any CPU.ActiveCfg = Release|Any CPU
		{9BECC47B-DAF9-444C-83A7-2F97F0B1DD1D}.Release|Any CPU.Build.0 = Release|Any CPU
		{1BA62C08-0CAD-4E56-9D88-862E66951399}.Debug|Any CPU.ActiveCfg = Debug|Any CPU
		{1BA62C08-0CAD-4E56-9D88-862E66951399}.Debug|Any CPU.Build.0 = Debug|Any CPU
		{1BA62C08-0CAD-4E56-9D88-862E66951399}.Release|Any CPU.ActiveCfg = Release|Any CPU
		{1BA62C08-0CAD-4E56-9D88-862E66951399}.Release|Any CPU.Build.0 = Release|Any CPU
		{BB751142-AE5E-44F4-8561-36417D1B64DB}.Debug|Any CPU.ActiveCfg = Debug|Any CPU
		{BB751142-AE5E-44F4-8561-36417D1B64DB}.Debug|Any CPU.Build.0 = Debug|Any CPU
		{BB751142-AE5E-44F4-8561-36417D1B64DB}.Release|Any CPU.ActiveCfg = Release|Any CPU
		{BB751142-AE5E-44F4-8561-36417D1B64DB}.Release|Any CPU.Build.0 = Release|Any CPU
		{1BD8F4E1-B375-4F2F-85E7-2A35EAF99FC8}.Debug|Any CPU.ActiveCfg = Debug|Any CPU
		{1BD8F4E1-B375-4F2F-85E7-2A35EAF99FC8}.Debug|Any CPU.Build.0 = Debug|Any CPU
		{1BD8F4E1-B375-4F2F-85E7-2A35EAF99FC8}.Release|Any CPU.ActiveCfg = Release|Any CPU
		{1BD8F4E1-B375-4F2F-85E7-2A35EAF99FC8}.Release|Any CPU.Build.0 = Release|Any CPU
		{423093E0-FAB3-4D66-9BA7-E4A4B9EEEBE2}.Debug|Any CPU.ActiveCfg = Debug|Any CPU
		{423093E0-FAB3-4D66-9BA7-E4A4B9EEEBE2}.Debug|Any CPU.Build.0 = Debug|Any CPU
		{423093E0-FAB3-4D66-9BA7-E4A4B9EEEBE2}.Release|Any CPU.ActiveCfg = Release|Any CPU
		{423093E0-FAB3-4D66-9BA7-E4A4B9EEEBE2}.Release|Any CPU.Build.0 = Release|Any CPU
		{FE1446C9-D02A-4A8D-8117-27C51E2819E8}.Debug|Any CPU.ActiveCfg = Debug|Any CPU
		{FE1446C9-D02A-4A8D-8117-27C51E2819E8}.Debug|Any CPU.Build.0 = Debug|Any CPU
		{FE1446C9-D02A-4A8D-8117-27C51E2819E8}.Release|Any CPU.ActiveCfg = Release|Any CPU
		{FE1446C9-D02A-4A8D-8117-27C51E2819E8}.Release|Any CPU.Build.0 = Release|Any CPU
		{3E08A4A3-4D2A-4186-9C40-191E0F8BBC3D}.Debug|Any CPU.ActiveCfg = Debug|Any CPU
		{3E08A4A3-4D2A-4186-9C40-191E0F8BBC3D}.Debug|Any CPU.Build.0 = Debug|Any CPU
		{3E08A4A3-4D2A-4186-9C40-191E0F8BBC3D}.Release|Any CPU.ActiveCfg = Release|Any CPU
		{3E08A4A3-4D2A-4186-9C40-191E0F8BBC3D}.Release|Any CPU.Build.0 = Release|Any CPU
		{7C9BBC60-B97D-4004-A638-DD75EB3E31C9}.Debug|Any CPU.ActiveCfg = Debug|Any CPU
		{7C9BBC60-B97D-4004-A638-DD75EB3E31C9}.Debug|Any CPU.Build.0 = Debug|Any CPU
		{7C9BBC60-B97D-4004-A638-DD75EB3E31C9}.Release|Any CPU.ActiveCfg = Release|Any CPU
		{7C9BBC60-B97D-4004-A638-DD75EB3E31C9}.Release|Any CPU.Build.0 = Release|Any CPU
		{6F58658D-D126-41E3-8756-8E457FD251D7}.Debug|Any CPU.ActiveCfg = Debug|Any CPU
		{6F58658D-D126-41E3-8756-8E457FD251D7}.Debug|Any CPU.Build.0 = Debug|Any CPU
		{6F58658D-D126-41E3-8756-8E457FD251D7}.Release|Any CPU.ActiveCfg = Release|Any CPU
		{6F58658D-D126-41E3-8756-8E457FD251D7}.Release|Any CPU.Build.0 = Release|Any CPU
		{F21E2E6E-B206-454E-80B9-574CE2918348}.Debug|Any CPU.ActiveCfg = Debug|Any CPU
		{F21E2E6E-B206-454E-80B9-574CE2918348}.Debug|Any CPU.Build.0 = Debug|Any CPU
		{F21E2E6E-B206-454E-80B9-574CE2918348}.Release|Any CPU.ActiveCfg = Release|Any CPU
		{F21E2E6E-B206-454E-80B9-574CE2918348}.Release|Any CPU.Build.0 = Release|Any CPU
		{4996EB54-0811-4DAE-A2FB-50E8AED964FC}.Debug|Any CPU.ActiveCfg = Debug|Any CPU
		{4996EB54-0811-4DAE-A2FB-50E8AED964FC}.Debug|Any CPU.Build.0 = Debug|Any CPU
		{4996EB54-0811-4DAE-A2FB-50E8AED964FC}.Release|Any CPU.ActiveCfg = Release|Any CPU
		{4996EB54-0811-4DAE-A2FB-50E8AED964FC}.Release|Any CPU.Build.0 = Release|Any CPU
		{56251A89-1D10-474E-AA48-F5E9363AFEF7}.Debug|Any CPU.ActiveCfg = Debug|Any CPU
		{56251A89-1D10-474E-AA48-F5E9363AFEF7}.Debug|Any CPU.Build.0 = Debug|Any CPU
		{56251A89-1D10-474E-AA48-F5E9363AFEF7}.Release|Any CPU.ActiveCfg = Release|Any CPU
		{56251A89-1D10-474E-AA48-F5E9363AFEF7}.Release|Any CPU.Build.0 = Release|Any CPU
		{39E1CCE4-3FE5-42BC-A533-DC98A1EFF8CB}.Debug|Any CPU.ActiveCfg = Debug|Any CPU
		{39E1CCE4-3FE5-42BC-A533-DC98A1EFF8CB}.Debug|Any CPU.Build.0 = Debug|Any CPU
		{39E1CCE4-3FE5-42BC-A533-DC98A1EFF8CB}.Release|Any CPU.ActiveCfg = Release|Any CPU
		{39E1CCE4-3FE5-42BC-A533-DC98A1EFF8CB}.Release|Any CPU.Build.0 = Release|Any CPU
		{99378B82-FA44-4AE1-8D7C-E9C9FC7C5F0F}.Debug|Any CPU.ActiveCfg = Debug|Any CPU
		{99378B82-FA44-4AE1-8D7C-E9C9FC7C5F0F}.Debug|Any CPU.Build.0 = Debug|Any CPU
		{99378B82-FA44-4AE1-8D7C-E9C9FC7C5F0F}.Release|Any CPU.ActiveCfg = Release|Any CPU
		{99378B82-FA44-4AE1-8D7C-E9C9FC7C5F0F}.Release|Any CPU.Build.0 = Release|Any CPU
		{71908595-AC5D-4322-AEC8-ACA3812DF711}.Debug|Any CPU.ActiveCfg = Debug|Any CPU
		{71908595-AC5D-4322-AEC8-ACA3812DF711}.Debug|Any CPU.Build.0 = Debug|Any CPU
		{71908595-AC5D-4322-AEC8-ACA3812DF711}.Release|Any CPU.ActiveCfg = Release|Any CPU
		{71908595-AC5D-4322-AEC8-ACA3812DF711}.Release|Any CPU.Build.0 = Release|Any CPU
		{A4A9E013-1DA5-4C43-9237-71377B01BDF7}.Debug|Any CPU.ActiveCfg = Debug|Any CPU
		{A4A9E013-1DA5-4C43-9237-71377B01BDF7}.Debug|Any CPU.Build.0 = Debug|Any CPU
		{A4A9E013-1DA5-4C43-9237-71377B01BDF7}.Release|Any CPU.ActiveCfg = Release|Any CPU
		{A4A9E013-1DA5-4C43-9237-71377B01BDF7}.Release|Any CPU.Build.0 = Release|Any CPU
		{E749A335-BA11-43B6-AF7B-90690F4EAA92}.Debug|Any CPU.ActiveCfg = Debug|Any CPU
		{E749A335-BA11-43B6-AF7B-90690F4EAA92}.Debug|Any CPU.Build.0 = Debug|Any CPU
		{E749A335-BA11-43B6-AF7B-90690F4EAA92}.Release|Any CPU.ActiveCfg = Release|Any CPU
		{E749A335-BA11-43B6-AF7B-90690F4EAA92}.Release|Any CPU.Build.0 = Release|Any CPU
		{F980B2E6-0DBD-4E7F-9ADC-C6C348FC5283}.Debug|Any CPU.ActiveCfg = Debug|Any CPU
		{F980B2E6-0DBD-4E7F-9ADC-C6C348FC5283}.Debug|Any CPU.Build.0 = Debug|Any CPU
		{F980B2E6-0DBD-4E7F-9ADC-C6C348FC5283}.Release|Any CPU.ActiveCfg = Release|Any CPU
		{F980B2E6-0DBD-4E7F-9ADC-C6C348FC5283}.Release|Any CPU.Build.0 = Release|Any CPU
	EndGlobalSection
	GlobalSection(NestedProjects) = preSolution
		{ECE9933F-47E7-4696-AD70-BA077907F8AE} = {86C9C8EB-BEDC-4EAB-8332-6475890CF7B4}
		{CE25077B-C43F-462D-BD31-F701B6A258B1} = {ECE9933F-47E7-4696-AD70-BA077907F8AE}
		{9A93D2AA-E333-49AB-831F-6D3D39478AC4} = {ECE9933F-47E7-4696-AD70-BA077907F8AE}
		{B76D845C-BE37-4628-BC57-3E576CB4E5D8} = {ECE9933F-47E7-4696-AD70-BA077907F8AE}
		{FD1FCD56-081D-4AD2-BCBE-CD81EF29BFBB} = {ECE9933F-47E7-4696-AD70-BA077907F8AE}
		{5478A08F-EA24-40A5-8967-C1C9E552580F} = {86C9C8EB-BEDC-4EAB-8332-6475890CF7B4}
		{EEF38837-074B-48F5-A78D-80857F3B8128} = {5478A08F-EA24-40A5-8967-C1C9E552580F}
		{C2E5A0D7-3AAC-49CE-B823-9556CBF390B4} = {86C9C8EB-BEDC-4EAB-8332-6475890CF7B4}
		{B1726318-EBAE-48F4-B1C0-01723660FFF4} = {C2E5A0D7-3AAC-49CE-B823-9556CBF390B4}
		{46130570-DE48-47F9-8B42-D77CD28810A7} = {B1726318-EBAE-48F4-B1C0-01723660FFF4}
		{679FF853-7FBE-46AA-A00B-F6CDB3CC03B5} = {B1726318-EBAE-48F4-B1C0-01723660FFF4}
		{4229DB66-3979-4C2D-BB5B-66BFC4D527D8} = {B1726318-EBAE-48F4-B1C0-01723660FFF4}
		{67F22F53-7BD6-439C-B6DA-762FF5F1AD84} = {B1726318-EBAE-48F4-B1C0-01723660FFF4}
		{C98E9585-69C1-4625-B45D-ECCF5E8D867C} = {C2E5A0D7-3AAC-49CE-B823-9556CBF390B4}
		{91624733-D793-4635-970B-91EEAD1FF1DC} = {C98E9585-69C1-4625-B45D-ECCF5E8D867C}
		{F84E0975-8D82-40D4-BDBD-BA9AF77108E1} = {C98E9585-69C1-4625-B45D-ECCF5E8D867C}
		{A31AFA89-D9F3-45CE-BC22-FE5F0AC6E59C} = {C98E9585-69C1-4625-B45D-ECCF5E8D867C}
		{14AB0831-FFA8-4BE4-B9F4-C37A3DF19BCF} = {C98E9585-69C1-4625-B45D-ECCF5E8D867C}
		{909A3775-0C4D-4573-9363-A691EAC24023} = {C2E5A0D7-3AAC-49CE-B823-9556CBF390B4}
		{9F731A2F-FF9F-46FD-ABA1-AF026CBCF442} = {909A3775-0C4D-4573-9363-A691EAC24023}
		{79AF8A1B-8E76-4AA0-B1BA-40EA312DF6C4} = {909A3775-0C4D-4573-9363-A691EAC24023}
		{193412A5-D4F0-4E7C-9690-6695C694DD40} = {909A3775-0C4D-4573-9363-A691EAC24023}
		{92E88119-2155-4EF9-B98D-E537569C96F2} = {909A3775-0C4D-4573-9363-A691EAC24023}
		{86475850-3981-46C7-A021-217D1CCF66C1} = {C2E5A0D7-3AAC-49CE-B823-9556CBF390B4}
		{A6E5E759-3951-442B-BB69-23617186588F} = {86475850-3981-46C7-A021-217D1CCF66C1}
		{A249CCC8-4E89-4135-993E-E6276F4F6ABA} = {86475850-3981-46C7-A021-217D1CCF66C1}
		{4EECE3DF-3583-4BFD-9B2F-92C174CE4D24} = {86475850-3981-46C7-A021-217D1CCF66C1}
		{8832366A-2BFF-42B2-9460-2C6675C68BFB} = {86475850-3981-46C7-A021-217D1CCF66C1}
		{4ACD71D6-A926-401B-91F2-01B627462459} = {C2E5A0D7-3AAC-49CE-B823-9556CBF390B4}
		{E0FDC2C1-38B7-4872-A901-3D9D7BB9674D} = {4ACD71D6-A926-401B-91F2-01B627462459}
		{4E659417-41B8-4A6B-B09E-39116289B7A0} = {4ACD71D6-A926-401B-91F2-01B627462459}
		{D9128058-C1F6-4CD1-8407-4AC8897C0FF0} = {4ACD71D6-A926-401B-91F2-01B627462459}
		{C8F6A9E8-8E64-4033-9381-FBB38D4A85CA} = {4ACD71D6-A926-401B-91F2-01B627462459}
		{C0AAA415-9CB5-4202-86EF-1F92E2B6BF94} = {C2E5A0D7-3AAC-49CE-B823-9556CBF390B4}
		{9AF76D1A-FD02-4F15-8000-CDAEF6D4606F} = {C0AAA415-9CB5-4202-86EF-1F92E2B6BF94}
		{2F0CADCD-63AF-41CF-83B7-B113681054C6} = {C0AAA415-9CB5-4202-86EF-1F92E2B6BF94}
		{10048FA9-8D00-4877-BE54-410540CF6986} = {C0AAA415-9CB5-4202-86EF-1F92E2B6BF94}
		{CECEEDF5-DF4B-46BB-BC9D-BE4F19379D7C} = {C0AAA415-9CB5-4202-86EF-1F92E2B6BF94}
		{3C207377-CBBB-4E68-9935-698234FA14EF} = {C2E5A0D7-3AAC-49CE-B823-9556CBF390B4}
		{64307E0B-142A-4913-AC6B-BEFE2D0215D6} = {3C207377-CBBB-4E68-9935-698234FA14EF}
		{7C06384F-4F61-4F64-8312-576B3873C29B} = {3C207377-CBBB-4E68-9935-698234FA14EF}
		{B6B118C3-F03A-480F-9935-E16DFF2D293B} = {3C207377-CBBB-4E68-9935-698234FA14EF}
		{013C2638-97C3-435B-83AC-0FBEF2D33049} = {3C207377-CBBB-4E68-9935-698234FA14EF}
		{86A8D0D4-5FBE-4149-A2C8-27D796C734FE} = {C2E5A0D7-3AAC-49CE-B823-9556CBF390B4}
		{BCF14194-7C02-4579-A514-30376AA516B9} = {86A8D0D4-5FBE-4149-A2C8-27D796C734FE}
		{AF224680-1331-4628-80DA-3C2BB3ABF78E} = {86A8D0D4-5FBE-4149-A2C8-27D796C734FE}
		{9BECC47B-DAF9-444C-83A7-2F97F0B1DD1D} = {86A8D0D4-5FBE-4149-A2C8-27D796C734FE}
		{1BA62C08-0CAD-4E56-9D88-862E66951399} = {86A8D0D4-5FBE-4149-A2C8-27D796C734FE}
		{21B95D06-F5A9-4D21-AD6C-5AB84EB03576} = {C2E5A0D7-3AAC-49CE-B823-9556CBF390B4}
		{BB751142-AE5E-44F4-8561-36417D1B64DB} = {21B95D06-F5A9-4D21-AD6C-5AB84EB03576}
		{1BD8F4E1-B375-4F2F-85E7-2A35EAF99FC8} = {21B95D06-F5A9-4D21-AD6C-5AB84EB03576}
		{423093E0-FAB3-4D66-9BA7-E4A4B9EEEBE2} = {21B95D06-F5A9-4D21-AD6C-5AB84EB03576}
		{FE1446C9-D02A-4A8D-8117-27C51E2819E8} = {21B95D06-F5A9-4D21-AD6C-5AB84EB03576}
		{0157B6CB-1B77-40D7-9DB0-D10ADA98E6AC} = {C2E5A0D7-3AAC-49CE-B823-9556CBF390B4}
		{3E08A4A3-4D2A-4186-9C40-191E0F8BBC3D} = {0157B6CB-1B77-40D7-9DB0-D10ADA98E6AC}
		{7C9BBC60-B97D-4004-A638-DD75EB3E31C9} = {0157B6CB-1B77-40D7-9DB0-D10ADA98E6AC}
		{6F58658D-D126-41E3-8756-8E457FD251D7} = {0157B6CB-1B77-40D7-9DB0-D10ADA98E6AC}
		{F21E2E6E-B206-454E-80B9-574CE2918348} = {0157B6CB-1B77-40D7-9DB0-D10ADA98E6AC}
		{D7CD2FC7-F89B-49A8-8F89-1EED7981628C} = {C2E5A0D7-3AAC-49CE-B823-9556CBF390B4}
		{4996EB54-0811-4DAE-A2FB-50E8AED964FC} = {D7CD2FC7-F89B-49A8-8F89-1EED7981628C}
		{56251A89-1D10-474E-AA48-F5E9363AFEF7} = {D7CD2FC7-F89B-49A8-8F89-1EED7981628C}
		{39E1CCE4-3FE5-42BC-A533-DC98A1EFF8CB} = {D7CD2FC7-F89B-49A8-8F89-1EED7981628C}
		{99378B82-FA44-4AE1-8D7C-E9C9FC7C5F0F} = {D7CD2FC7-F89B-49A8-8F89-1EED7981628C}
		{3AE4D9CA-C1E0-45A3-997E-7A12F4858801} = {C2E5A0D7-3AAC-49CE-B823-9556CBF390B4}
		{71908595-AC5D-4322-AEC8-ACA3812DF711} = {3AE4D9CA-C1E0-45A3-997E-7A12F4858801}
		{A4A9E013-1DA5-4C43-9237-71377B01BDF7} = {3AE4D9CA-C1E0-45A3-997E-7A12F4858801}
		{E749A335-BA11-43B6-AF7B-90690F4EAA92} = {3AE4D9CA-C1E0-45A3-997E-7A12F4858801}
		{F980B2E6-0DBD-4E7F-9ADC-C6C348FC5283} = {3AE4D9CA-C1E0-45A3-997E-7A12F4858801}
	EndGlobalSection
EndGlobal
