
Microsoft Visual Studio Solution File, Format Version 12.00
# Visual Studio Version 17
VisualStudioVersion = 17.0.31903.59
MinimumVisualStudioVersion = 10.0.40219.1
Project("{2150E333-8FDC-42A3-9474-1A3956D46DE8}") = "Shared", "Shared", "{4F52FD11-658E-A102-6CD3-7D7C16FFA15B}"
EndProject
Project("{FAE04EC0-301F-11D3-BF4B-00C04F79EFBC}") = "ServiceDefaults", "Shared\ServiceDefaults\ServiceDefaults.csproj", "{A39FB3AD-EF6F-4F16-A257-40BC3CC161AB}"
EndProject
Project("{FAE04EC0-301F-11D3-BF4B-00C04F79EFBC}") = "BuildingBlocks", "Shared\BuildingBlocks\BuildingBlocks.csproj", "{B0E7765B-C513-4422-A9B7-397891606748}"
EndProject
Project("{FAE04EC0-301F-11D3-BF4B-00C04F79EFBC}") = "Contracts", "Shared\Contracts\Contracts.csproj", "{007E7594-6CCD-49A8-AEC8-0917BE1404F9}"
EndProject
Project("{2150E333-8FDC-42A3-9474-1A3956D46DE8}") = "Identity", "Identity", "{2FA89949-C014-61E3-9766-4043502A0423}"
EndProject
Project("{FAE04EC0-301F-11D3-BF4B-00C04F79EFBC}") = "IdentityService", "Identity\IdentityService.csproj", "{85F63D81-FFC4-45FB-AC38-A6D2D4827891}"
EndProject
Project("{FAE04EC0-301F-11D3-BF4B-00C04F79EFBC}") = "BookingService", "Booking\BookingService.csproj", "{BCEF5D3E-D6C2-467D-9405-875DE003FDD5}"
EndProject
Project("{FAE04EC0-301F-11D3-BF4B-00C04F79EFBC}") = "BranchService", "Branch\BranchService.csproj", "{3E533341-1AB3-4D51-A58F-CF592DAC6F4C}"
EndProject
Project("{FAE04EC0-301F-11D3-BF4B-00C04F79EFBC}") = "CatalogService", "Catalog\CatalogService.csproj", "{ECE495DE-54B9-471F-856D-F545A4800812}"
EndProject
Project("{FAE04EC0-301F-11D3-BF4B-00C04F79EFBC}") = "ClientService", "Client\ClientService.csproj", "{C9F75FB1-1596-4E1E-98A1-4F9D8A11CEB8}"
EndProject
Project("{2150E333-8FDC-42A3-9474-1A3956D46DE8}") = "POS", "POS", "{9CB64F01-16BA-47D0-A085-699237BCADB3}"
EndProject
Project("{FAE04EC0-301F-11D3-BF4B-00C04F79EFBC}") = "POSService", "POS\POSService.csproj", "{CBBCFBA8-69E1-4959-9602-23193F7C9A6E}"
EndProject
Project("{FAE04EC0-301F-11D3-BF4B-00C04F79EFBC}") = "PaymentsService", "Payments\PaymentsService.csproj", "{72120DF4-8C63-4458-B2A4-316BAB7B613C}"
EndProject
Project("{FAE04EC0-301F-11D3-BF4B-00C04F79EFBC}") = "StaffService", "Staff\StaffService.csproj", "{00BAFDB0-6046-4986-B040-6E217A0862AE}"
EndProject
Project("{FAE04EC0-301F-11D3-BF4B-00C04F79EFBC}") = "NotificationsService", "Notifications\NotificationsService.csproj", "{2F258490-6ED0-4C2D-8AC8-5DFADC460840}"
EndProject
Project("{FAE04EC0-301F-11D3-BF4B-00C04F79EFBC}") = "ReportsService", "Reports\ReportsService.csproj", "{0BFF2478-50FD-4374-ADEB-9A409086B592}"
EndProject
Project("{FAE04EC0-301F-11D3-BF4B-00C04F79EFBC}") = "SyncService", "Sync\SyncService.csproj", "{D1B86B6B-8D52-452D-9C6C-D6B3C261C7CA}"
EndProject
Project("{FAE04EC0-301F-11D3-BF4B-00C04F79EFBC}") = "AuditService", "Audit\AuditService.csproj", "{9CC29098-1FBE-4788-962F-67CDC6CFB9B0}"
EndProject
Project("{FAE04EC0-301F-11D3-BF4B-00C04F79EFBC}") = "GatewayService", "Gateway\GatewayService.csproj", "{A1B2C3D4-E5F6-7890-ABCD-EF1234567890}"
EndProject
Project("{E53339B2-1760-4266-BCC7-CA923CBCF16C}") = "docker-compose", "docker-compose.dcproj", "{81DDED9D-158B-E303-5F62-77A2896D2A5A}"
EndProject
Global
	GlobalSection(SolutionConfigurationPlatforms) = preSolution
		Debug|Any CPU = Debug|Any CPU
		Debug|x64 = Debug|x64
		Debug|x86 = Debug|x86
		Release|Any CPU = Release|Any CPU
		Release|x64 = Release|x64
		Release|x86 = Release|x86
	EndGlobalSection
	GlobalSection(ProjectConfigurationPlatforms) = postSolution
		{A39FB3AD-EF6F-4F16-A257-40BC3CC161AB}.Debug|Any CPU.ActiveCfg = Debug|Any CPU
		{A39FB3AD-EF6F-4F16-A257-40BC3CC161AB}.Debug|Any CPU.Build.0 = Debug|Any CPU
		{A39FB3AD-EF6F-4F16-A257-40BC3CC161AB}.Debug|x64.ActiveCfg = Debug|Any CPU
		{A39FB3AD-EF6F-4F16-A257-40BC3CC161AB}.Debug|x64.Build.0 = Debug|Any CPU
		{A39FB3AD-EF6F-4F16-A257-40BC3CC161AB}.Debug|x86.ActiveCfg = Debug|Any CPU
		{A39FB3AD-EF6F-4F16-A257-40BC3CC161AB}.Debug|x86.Build.0 = Debug|Any CPU
		{A39FB3AD-EF6F-4F16-A257-40BC3CC161AB}.Release|Any CPU.ActiveCfg = Release|Any CPU
		{A39FB3AD-EF6F-4F16-A257-40BC3CC161AB}.Release|Any CPU.Build.0 = Release|Any CPU
		{A39FB3AD-EF6F-4F16-A257-40BC3CC161AB}.Release|x64.ActiveCfg = Release|Any CPU
		{A39FB3AD-EF6F-4F16-A257-40BC3CC161AB}.Release|x64.Build.0 = Release|Any CPU
		{A39FB3AD-EF6F-4F16-A257-40BC3CC161AB}.Release|x86.ActiveCfg = Release|Any CPU
		{A39FB3AD-EF6F-4F16-A257-40BC3CC161AB}.Release|x86.Build.0 = Release|Any CPU
		{B0E7765B-C513-4422-A9B7-397891606748}.Debug|Any CPU.ActiveCfg = Debug|Any CPU
		{B0E7765B-C513-4422-A9B7-397891606748}.Debug|Any CPU.Build.0 = Debug|Any CPU
		{B0E7765B-C513-4422-A9B7-397891606748}.Debug|x64.ActiveCfg = Debug|Any CPU
		{B0E7765B-C513-4422-A9B7-397891606748}.Debug|x64.Build.0 = Debug|Any CPU
		{B0E7765B-C513-4422-A9B7-397891606748}.Debug|x86.ActiveCfg = Debug|Any CPU
		{B0E7765B-C513-4422-A9B7-397891606748}.Debug|x86.Build.0 = Debug|Any CPU
		{B0E7765B-C513-4422-A9B7-397891606748}.Release|Any CPU.ActiveCfg = Release|Any CPU
		{B0E7765B-C513-4422-A9B7-397891606748}.Release|Any CPU.Build.0 = Release|Any CPU
		{B0E7765B-C513-4422-A9B7-397891606748}.Release|x64.ActiveCfg = Release|Any CPU
		{B0E7765B-C513-4422-A9B7-397891606748}.Release|x64.Build.0 = Release|Any CPU
		{B0E7765B-C513-4422-A9B7-397891606748}.Release|x86.ActiveCfg = Release|Any CPU
		{B0E7765B-C513-4422-A9B7-397891606748}.Release|x86.Build.0 = Release|Any CPU
		{007E7594-6CCD-49A8-AEC8-0917BE1404F9}.Debug|Any CPU.ActiveCfg = Debug|Any CPU
		{007E7594-6CCD-49A8-AEC8-0917BE1404F9}.Debug|Any CPU.Build.0 = Debug|Any CPU
		{007E7594-6CCD-49A8-AEC8-0917BE1404F9}.Debug|x64.ActiveCfg = Debug|Any CPU
		{007E7594-6CCD-49A8-AEC8-0917BE1404F9}.Debug|x64.Build.0 = Debug|Any CPU
		{007E7594-6CCD-49A8-AEC8-0917BE1404F9}.Debug|x86.ActiveCfg = Debug|Any CPU
		{007E7594-6CCD-49A8-AEC8-0917BE1404F9}.Debug|x86.Build.0 = Debug|Any CPU
		{007E7594-6CCD-49A8-AEC8-0917BE1404F9}.Release|Any CPU.ActiveCfg = Release|Any CPU
		{007E7594-6CCD-49A8-AEC8-0917BE1404F9}.Release|Any CPU.Build.0 = Release|Any CPU
		{007E7594-6CCD-49A8-AEC8-0917BE1404F9}.Release|x64.ActiveCfg = Release|Any CPU
		{007E7594-6CCD-49A8-AEC8-0917BE1404F9}.Release|x64.Build.0 = Release|Any CPU
		{007E7594-6CCD-49A8-AEC8-0917BE1404F9}.Release|x86.ActiveCfg = Release|Any CPU
		{007E7594-6CCD-49A8-AEC8-0917BE1404F9}.Release|x86.Build.0 = Release|Any CPU
		{85F63D81-FFC4-45FB-AC38-A6D2D4827891}.Debug|Any CPU.ActiveCfg = Debug|Any CPU
		{85F63D81-FFC4-45FB-AC38-A6D2D4827891}.Debug|Any CPU.Build.0 = Debug|Any CPU
		{85F63D81-FFC4-45FB-AC38-A6D2D4827891}.Debug|x64.ActiveCfg = Debug|Any CPU
		{85F63D81-FFC4-45FB-AC38-A6D2D4827891}.Debug|x64.Build.0 = Debug|Any CPU
		{85F63D81-FFC4-45FB-AC38-A6D2D4827891}.Debug|x86.ActiveCfg = Debug|Any CPU
		{85F63D81-FFC4-45FB-AC38-A6D2D4827891}.Debug|x86.Build.0 = Debug|Any CPU
		{85F63D81-FFC4-45FB-AC38-A6D2D4827891}.Release|Any CPU.ActiveCfg = Release|Any CPU
		{85F63D81-FFC4-45FB-AC38-A6D2D4827891}.Release|Any CPU.Build.0 = Release|Any CPU
		{85F63D81-FFC4-45FB-AC38-A6D2D4827891}.Release|x64.ActiveCfg = Release|Any CPU
		{85F63D81-FFC4-45FB-AC38-A6D2D4827891}.Release|x64.Build.0 = Release|Any CPU
		{85F63D81-FFC4-45FB-AC38-A6D2D4827891}.Release|x86.ActiveCfg = Release|Any CPU
		{85F63D81-FFC4-45FB-AC38-A6D2D4827891}.Release|x86.Build.0 = Release|Any CPU
		{BCEF5D3E-D6C2-467D-9405-875DE003FDD5}.Debug|Any CPU.ActiveCfg = Debug|Any CPU
		{BCEF5D3E-D6C2-467D-9405-875DE003FDD5}.Debug|Any CPU.Build.0 = Debug|Any CPU
		{BCEF5D3E-D6C2-467D-9405-875DE003FDD5}.Debug|x64.ActiveCfg = Debug|Any CPU
		{BCEF5D3E-D6C2-467D-9405-875DE003FDD5}.Debug|x64.Build.0 = Debug|Any CPU
		{BCEF5D3E-D6C2-467D-9405-875DE003FDD5}.Debug|x86.ActiveCfg = Debug|Any CPU
		{BCEF5D3E-D6C2-467D-9405-875DE003FDD5}.Debug|x86.Build.0 = Debug|Any CPU
		{BCEF5D3E-D6C2-467D-9405-875DE003FDD5}.Release|Any CPU.ActiveCfg = Release|Any CPU
		{BCEF5D3E-D6C2-467D-9405-875DE003FDD5}.Release|Any CPU.Build.0 = Release|Any CPU
		{BCEF5D3E-D6C2-467D-9405-875DE003FDD5}.Release|x64.ActiveCfg = Release|Any CPU
		{BCEF5D3E-D6C2-467D-9405-875DE003FDD5}.Release|x64.Build.0 = Release|Any CPU
		{BCEF5D3E-D6C2-467D-9405-875DE003FDD5}.Release|x86.ActiveCfg = Release|Any CPU
		{BCEF5D3E-D6C2-467D-9405-875DE003FDD5}.Release|x86.Build.0 = Release|Any CPU
		{3E533341-1AB3-4D51-A58F-CF592DAC6F4C}.Debug|Any CPU.ActiveCfg = Debug|Any CPU
		{3E533341-1AB3-4D51-A58F-CF592DAC6F4C}.Debug|Any CPU.Build.0 = Debug|Any CPU
		{3E533341-1AB3-4D51-A58F-CF592DAC6F4C}.Debug|x64.ActiveCfg = Debug|Any CPU
		{3E533341-1AB3-4D51-A58F-CF592DAC6F4C}.Debug|x64.Build.0 = Debug|Any CPU
		{3E533341-1AB3-4D51-A58F-CF592DAC6F4C}.Debug|x86.ActiveCfg = Debug|Any CPU
		{3E533341-1AB3-4D51-A58F-CF592DAC6F4C}.Debug|x86.Build.0 = Debug|Any CPU
		{3E533341-1AB3-4D51-A58F-CF592DAC6F4C}.Release|Any CPU.ActiveCfg = Release|Any CPU
		{3E533341-1AB3-4D51-A58F-CF592DAC6F4C}.Release|Any CPU.Build.0 = Release|Any CPU
		{3E533341-1AB3-4D51-A58F-CF592DAC6F4C}.Release|x64.ActiveCfg = Release|Any CPU
		{3E533341-1AB3-4D51-A58F-CF592DAC6F4C}.Release|x64.Build.0 = Release|Any CPU
		{3E533341-1AB3-4D51-A58F-CF592DAC6F4C}.Release|x86.ActiveCfg = Release|Any CPU
		{3E533341-1AB3-4D51-A58F-CF592DAC6F4C}.Release|x86.Build.0 = Release|Any CPU
		{ECE495DE-54B9-471F-856D-F545A4800812}.Debug|Any CPU.ActiveCfg = Debug|Any CPU
		{ECE495DE-54B9-471F-856D-F545A4800812}.Debug|Any CPU.Build.0 = Debug|Any CPU
		{ECE495DE-54B9-471F-856D-F545A4800812}.Debug|x64.ActiveCfg = Debug|Any CPU
		{ECE495DE-54B9-471F-856D-F545A4800812}.Debug|x64.Build.0 = Debug|Any CPU
		{ECE495DE-54B9-471F-856D-F545A4800812}.Debug|x86.ActiveCfg = Debug|Any CPU
		{ECE495DE-54B9-471F-856D-F545A4800812}.Debug|x86.Build.0 = Debug|Any CPU
		{ECE495DE-54B9-471F-856D-F545A4800812}.Release|Any CPU.ActiveCfg = Release|Any CPU
		{ECE495DE-54B9-471F-856D-F545A4800812}.Release|Any CPU.Build.0 = Release|Any CPU
		{ECE495DE-54B9-471F-856D-F545A4800812}.Release|x64.ActiveCfg = Release|Any CPU
		{ECE495DE-54B9-471F-856D-F545A4800812}.Release|x64.Build.0 = Release|Any CPU
		{ECE495DE-54B9-471F-856D-F545A4800812}.Release|x86.ActiveCfg = Release|Any CPU
		{ECE495DE-54B9-471F-856D-F545A4800812}.Release|x86.Build.0 = Release|Any CPU
		{C9F75FB1-1596-4E1E-98A1-4F9D8A11CEB8}.Debug|Any CPU.ActiveCfg = Debug|Any CPU
		{C9F75FB1-1596-4E1E-98A1-4F9D8A11CEB8}.Debug|Any CPU.Build.0 = Debug|Any CPU
		{C9F75FB1-1596-4E1E-98A1-4F9D8A11CEB8}.Debug|x64.ActiveCfg = Debug|Any CPU
		{C9F75FB1-1596-4E1E-98A1-4F9D8A11CEB8}.Debug|x64.Build.0 = Debug|Any CPU
		{C9F75FB1-1596-4E1E-98A1-4F9D8A11CEB8}.Debug|x86.ActiveCfg = Debug|Any CPU
		{C9F75FB1-1596-4E1E-98A1-4F9D8A11CEB8}.Debug|x86.Build.0 = Debug|Any CPU
		{C9F75FB1-1596-4E1E-98A1-4F9D8A11CEB8}.Release|Any CPU.ActiveCfg = Release|Any CPU
		{C9F75FB1-1596-4E1E-98A1-4F9D8A11CEB8}.Release|Any CPU.Build.0 = Release|Any CPU
		{C9F75FB1-1596-4E1E-98A1-4F9D8A11CEB8}.Release|x64.ActiveCfg = Release|Any CPU
		{C9F75FB1-1596-4E1E-98A1-4F9D8A11CEB8}.Release|x64.Build.0 = Release|Any CPU
		{C9F75FB1-1596-4E1E-98A1-4F9D8A11CEB8}.Release|x86.ActiveCfg = Release|Any CPU
		{C9F75FB1-1596-4E1E-98A1-4F9D8A11CEB8}.Release|x86.Build.0 = Release|Any CPU
		{CBBCFBA8-69E1-4959-9602-23193F7C9A6E}.Debug|Any CPU.ActiveCfg = Debug|Any CPU
		{CBBCFBA8-69E1-4959-9602-23193F7C9A6E}.Debug|Any CPU.Build.0 = Debug|Any CPU
		{CBBCFBA8-69E1-4959-9602-23193F7C9A6E}.Debug|x64.ActiveCfg = Debug|Any CPU
		{CBBCFBA8-69E1-4959-9602-23193F7C9A6E}.Debug|x64.Build.0 = Debug|Any CPU
		{CBBCFBA8-69E1-4959-9602-23193F7C9A6E}.Debug|x86.ActiveCfg = Debug|Any CPU
		{CBBCFBA8-69E1-4959-9602-23193F7C9A6E}.Debug|x86.Build.0 = Debug|Any CPU
		{CBBCFBA8-69E1-4959-9602-23193F7C9A6E}.Release|Any CPU.ActiveCfg = Release|Any CPU
		{CBBCFBA8-69E1-4959-9602-23193F7C9A6E}.Release|Any CPU.Build.0 = Release|Any CPU
		{CBBCFBA8-69E1-4959-9602-23193F7C9A6E}.Release|x64.ActiveCfg = Release|Any CPU
		{CBBCFBA8-69E1-4959-9602-23193F7C9A6E}.Release|x64.Build.0 = Release|Any CPU
		{CBBCFBA8-69E1-4959-9602-23193F7C9A6E}.Release|x86.ActiveCfg = Release|Any CPU
		{CBBCFBA8-69E1-4959-9602-23193F7C9A6E}.Release|x86.Build.0 = Release|Any CPU
		{72120DF4-8C63-4458-B2A4-316BAB7B613C}.Debug|Any CPU.ActiveCfg = Debug|Any CPU
		{72120DF4-8C63-4458-B2A4-316BAB7B613C}.Debug|Any CPU.Build.0 = Debug|Any CPU
		{72120DF4-8C63-4458-B2A4-316BAB7B613C}.Debug|x64.ActiveCfg = Debug|Any CPU
		{72120DF4-8C63-4458-B2A4-316BAB7B613C}.Debug|x64.Build.0 = Debug|Any CPU
		{72120DF4-8C63-4458-B2A4-316BAB7B613C}.Debug|x86.ActiveCfg = Debug|Any CPU
		{72120DF4-8C63-4458-B2A4-316BAB7B613C}.Debug|x86.Build.0 = Debug|Any CPU
		{72120DF4-8C63-4458-B2A4-316BAB7B613C}.Release|Any CPU.ActiveCfg = Release|Any CPU
		{72120DF4-8C63-4458-B2A4-316BAB7B613C}.Release|Any CPU.Build.0 = Release|Any CPU
		{72120DF4-8C63-4458-B2A4-316BAB7B613C}.Release|x64.ActiveCfg = Release|Any CPU
		{72120DF4-8C63-4458-B2A4-316BAB7B613C}.Release|x64.Build.0 = Release|Any CPU
		{72120DF4-8C63-4458-B2A4-316BAB7B613C}.Release|x86.ActiveCfg = Release|Any CPU
		{72120DF4-8C63-4458-B2A4-316BAB7B613C}.Release|x86.Build.0 = Release|Any CPU
		{00BAFDB0-6046-4986-B040-6E217A0862AE}.Debug|Any CPU.ActiveCfg = Debug|Any CPU
		{00BAFDB0-6046-4986-B040-6E217A0862AE}.Debug|Any CPU.Build.0 = Debug|Any CPU
		{00BAFDB0-6046-4986-B040-6E217A0862AE}.Debug|x64.ActiveCfg = Debug|Any CPU
		{00BAFDB0-6046-4986-B040-6E217A0862AE}.Debug|x64.Build.0 = Debug|Any CPU
		{00BAFDB0-6046-4986-B040-6E217A0862AE}.Debug|x86.ActiveCfg = Debug|Any CPU
		{00BAFDB0-6046-4986-B040-6E217A0862AE}.Debug|x86.Build.0 = Debug|Any CPU
		{00BAFDB0-6046-4986-B040-6E217A0862AE}.Release|Any CPU.ActiveCfg = Release|Any CPU
		{00BAFDB0-6046-4986-B040-6E217A0862AE}.Release|Any CPU.Build.0 = Release|Any CPU
		{00BAFDB0-6046-4986-B040-6E217A0862AE}.Release|x64.ActiveCfg = Release|Any CPU
		{00BAFDB0-6046-4986-B040-6E217A0862AE}.Release|x64.Build.0 = Release|Any CPU
		{00BAFDB0-6046-4986-B040-6E217A0862AE}.Release|x86.ActiveCfg = Release|Any CPU
		{00BAFDB0-6046-4986-B040-6E217A0862AE}.Release|x86.Build.0 = Release|Any CPU
		{2F258490-6ED0-4C2D-8AC8-5DFADC460840}.Debug|Any CPU.ActiveCfg = Debug|Any CPU
		{2F258490-6ED0-4C2D-8AC8-5DFADC460840}.Debug|Any CPU.Build.0 = Debug|Any CPU
		{2F258490-6ED0-4C2D-8AC8-5DFADC460840}.Debug|x64.ActiveCfg = Debug|Any CPU
		{2F258490-6ED0-4C2D-8AC8-5DFADC460840}.Debug|x64.Build.0 = Debug|Any CPU
		{2F258490-6ED0-4C2D-8AC8-5DFADC460840}.Debug|x86.ActiveCfg = Debug|Any CPU
		{2F258490-6ED0-4C2D-8AC8-5DFADC460840}.Debug|x86.Build.0 = Debug|Any CPU
		{2F258490-6ED0-4C2D-8AC8-5DFADC460840}.Release|Any CPU.ActiveCfg = Release|Any CPU
		{2F258490-6ED0-4C2D-8AC8-5DFADC460840}.Release|Any CPU.Build.0 = Release|Any CPU
		{2F258490-6ED0-4C2D-8AC8-5DFADC460840}.Release|x64.ActiveCfg = Release|Any CPU
		{2F258490-6ED0-4C2D-8AC8-5DFADC460840}.Release|x64.Build.0 = Release|Any CPU
		{2F258490-6ED0-4C2D-8AC8-5DFADC460840}.Release|x86.ActiveCfg = Release|Any CPU
		{2F258490-6ED0-4C2D-8AC8-5DFADC460840}.Release|x86.Build.0 = Release|Any CPU
		{0BFF2478-50FD-4374-ADEB-9A409086B592}.Debug|Any CPU.ActiveCfg = Debug|Any CPU
		{0BFF2478-50FD-4374-ADEB-9A409086B592}.Debug|Any CPU.Build.0 = Debug|Any CPU
		{0BFF2478-50FD-4374-ADEB-9A409086B592}.Debug|x64.ActiveCfg = Debug|Any CPU
		{0BFF2478-50FD-4374-ADEB-9A409086B592}.Debug|x64.Build.0 = Debug|Any CPU
		{0BFF2478-50FD-4374-ADEB-9A409086B592}.Debug|x86.ActiveCfg = Debug|Any CPU
		{0BFF2478-50FD-4374-ADEB-9A409086B592}.Debug|x86.Build.0 = Debug|Any CPU
		{0BFF2478-50FD-4374-ADEB-9A409086B592}.Release|Any CPU.ActiveCfg = Release|Any CPU
		{0BFF2478-50FD-4374-ADEB-9A409086B592}.Release|Any CPU.Build.0 = Release|Any CPU
		{0BFF2478-50FD-4374-ADEB-9A409086B592}.Release|x64.ActiveCfg = Release|Any CPU
		{0BFF2478-50FD-4374-ADEB-9A409086B592}.Release|x64.Build.0 = Release|Any CPU
		{0BFF2478-50FD-4374-ADEB-9A409086B592}.Release|x86.ActiveCfg = Release|Any CPU
		{0BFF2478-50FD-4374-ADEB-9A409086B592}.Release|x86.Build.0 = Release|Any CPU
		{D1B86B6B-8D52-452D-9C6C-D6B3C261C7CA}.Debug|Any CPU.ActiveCfg = Debug|Any CPU
		{D1B86B6B-8D52-452D-9C6C-D6B3C261C7CA}.Debug|Any CPU.Build.0 = Debug|Any CPU
		{D1B86B6B-8D52-452D-9C6C-D6B3C261C7CA}.Debug|x64.ActiveCfg = Debug|Any CPU
		{D1B86B6B-8D52-452D-9C6C-D6B3C261C7CA}.Debug|x64.Build.0 = Debug|Any CPU
		{D1B86B6B-8D52-452D-9C6C-D6B3C261C7CA}.Debug|x86.ActiveCfg = Debug|Any CPU
		{D1B86B6B-8D52-452D-9C6C-D6B3C261C7CA}.Debug|x86.Build.0 = Debug|Any CPU
		{D1B86B6B-8D52-452D-9C6C-D6B3C261C7CA}.Release|Any CPU.ActiveCfg = Release|Any CPU
		{D1B86B6B-8D52-452D-9C6C-D6B3C261C7CA}.Release|Any CPU.Build.0 = Release|Any CPU
		{D1B86B6B-8D52-452D-9C6C-D6B3C261C7CA}.Release|x64.ActiveCfg = Release|Any CPU
		{D1B86B6B-8D52-452D-9C6C-D6B3C261C7CA}.Release|x64.Build.0 = Release|Any CPU
		{D1B86B6B-8D52-452D-9C6C-D6B3C261C7CA}.Release|x86.ActiveCfg = Release|Any CPU
		{D1B86B6B-8D52-452D-9C6C-D6B3C261C7CA}.Release|x86.Build.0 = Release|Any CPU
		{9CC29098-1FBE-4788-962F-67CDC6CFB9B0}.Debug|Any CPU.ActiveCfg = Debug|Any CPU
		{9CC29098-1FBE-4788-962F-67CDC6CFB9B0}.Debug|Any CPU.Build.0 = Debug|Any CPU
		{9CC29098-1FBE-4788-962F-67CDC6CFB9B0}.Debug|x64.ActiveCfg = Debug|Any CPU
		{9CC29098-1FBE-4788-962F-67CDC6CFB9B0}.Debug|x64.Build.0 = Debug|Any CPU
		{9CC29098-1FBE-4788-962F-67CDC6CFB9B0}.Debug|x86.ActiveCfg = Debug|Any CPU
		{9CC29098-1FBE-4788-962F-67CDC6CFB9B0}.Debug|x86.Build.0 = Debug|Any CPU
		{9CC29098-1FBE-4788-962F-67CDC6CFB9B0}.Release|Any CPU.ActiveCfg = Release|Any CPU
		{9CC29098-1FBE-4788-962F-67CDC6CFB9B0}.Release|Any CPU.Build.0 = Release|Any CPU
		{9CC29098-1FBE-4788-962F-67CDC6CFB9B0}.Release|x64.ActiveCfg = Release|Any CPU
		{9CC29098-1FBE-4788-962F-67CDC6CFB9B0}.Release|x64.Build.0 = Release|Any CPU
		{9CC29098-1FBE-4788-962F-67CDC6CFB9B0}.Release|x86.ActiveCfg = Release|Any CPU
		{9CC29098-1FBE-4788-962F-67CDC6CFB9B0}.Release|x86.Build.0 = Release|Any CPU
		{A1B2C3D4-E5F6-7890-ABCD-EF1234567890}.Debug|Any CPU.ActiveCfg = Debug|Any CPU
		{A1B2C3D4-E5F6-7890-ABCD-EF1234567890}.Debug|Any CPU.Build.0 = Debug|Any CPU
		{A1B2C3D4-E5F6-7890-ABCD-EF1234567890}.Debug|x64.ActiveCfg = Debug|Any CPU
		{A1B2C3D4-E5F6-7890-ABCD-EF1234567890}.Debug|x64.Build.0 = Debug|Any CPU
		{A1B2C3D4-E5F6-7890-ABCD-EF1234567890}.Debug|x86.ActiveCfg = Debug|Any CPU
		{A1B2C3D4-E5F6-7890-ABCD-EF1234567890}.Debug|x86.Build.0 = Debug|Any CPU
		{A1B2C3D4-E5F6-7890-ABCD-EF1234567890}.Release|Any CPU.ActiveCfg = Release|Any CPU
		{A1B2C3D4-E5F6-7890-ABCD-EF1234567890}.Release|Any CPU.Build.0 = Release|Any CPU
		{A1B2C3D4-E5F6-7890-ABCD-EF1234567890}.Release|x64.ActiveCfg = Release|Any CPU
		{A1B2C3D4-E5F6-7890-ABCD-EF1234567890}.Release|x64.Build.0 = Release|Any CPU
		{A1B2C3D4-E5F6-7890-ABCD-EF1234567890}.Release|x86.ActiveCfg = Release|Any CPU
		{A1B2C3D4-E5F6-7890-ABCD-EF1234567890}.Release|x86.Build.0 = Release|Any CPU
		{81DDED9D-158B-E303-5F62-77A2896D2A5A}.Debug|Any CPU.ActiveCfg = Debug|Any CPU
		{81DDED9D-158B-E303-5F62-77A2896D2A5A}.Debug|Any CPU.Build.0 = Debug|Any CPU
		{81DDED9D-158B-E303-5F62-77A2896D2A5A}.Debug|x64.ActiveCfg = Debug|Any CPU
		{81DDED9D-158B-E303-5F62-77A2896D2A5A}.Debug|x64.Build.0 = Debug|Any CPU
		{81DDED9D-158B-E303-5F62-77A2896D2A5A}.Debug|x86.ActiveCfg = Debug|Any CPU
		{81DDED9D-158B-E303-5F62-77A2896D2A5A}.Debug|x86.Build.0 = Debug|Any CPU
		{81DDED9D-158B-E303-5F62-77A2896D2A5A}.Release|Any CPU.ActiveCfg = Release|Any CPU
		{81DDED9D-158B-E303-5F62-77A2896D2A5A}.Release|Any CPU.Build.0 = Release|Any CPU
		{81DDED9D-158B-E303-5F62-77A2896D2A5A}.Release|x64.ActiveCfg = Release|Any CPU
		{81DDED9D-158B-E303-5F62-77A2896D2A5A}.Release|x64.Build.0 = Release|Any CPU
		{81DDED9D-158B-E303-5F62-77A2896D2A5A}.Release|x86.ActiveCfg = Release|Any CPU
		{81DDED9D-158B-E303-5F62-77A2896D2A5A}.Release|x86.Build.0 = Release|Any CPU
	EndGlobalSection
	GlobalSection(SolutionProperties) = preSolution
		HideSolutionNode = FALSE
	EndGlobalSection
	GlobalSection(NestedProjects) = preSolution
		{A39FB3AD-EF6F-4F16-A257-40BC3CC161AB} = {4F52FD11-658E-A102-6CD3-7D7C16FFA15B}
		{B0E7765B-C513-4422-A9B7-397891606748} = {4F52FD11-658E-A102-6CD3-7D7C16FFA15B}
		{007E7594-6CCD-49A8-AEC8-0917BE1404F9} = {4F52FD11-658E-A102-6CD3-7D7C16FFA15B}
		{85F63D81-FFC4-45FB-AC38-A6D2D4827891} = {2FA89949-C014-61E3-9766-4043502A0423}
		{BCEF5D3E-D6C2-467D-9405-875DE003FDD5} = {2FA89949-C014-61E3-9766-4043502A0423}
		{3E533341-1AB3-4D51-A58F-CF592DAC6F4C} = {2FA89949-C014-61E3-9766-4043502A0423}
		{ECE495DE-54B9-471F-856D-F545A4800812} = {2FA89949-C014-61E3-9766-4043502A0423}
		{C9F75FB1-1596-4E1E-98A1-4F9D8A11CEB8} = {2FA89949-C014-61E3-9766-4043502A0423}
		{CBBCFBA8-69E1-4959-9602-23193F7C9A6E} = {9CB64F01-16BA-47D0-A085-699237BCADB3}
		{72120DF4-8C63-4458-B2A4-316BAB7B613C} = {9CB64F01-16BA-47D0-A085-699237BCADB3}
		{00BAFDB0-6046-4986-B040-6E217A0862AE} = {9CB64F01-16BA-47D0-A085-699237BCADB3}
		{2F258490-6ED0-4C2D-8AC8-5DFADC460840} = {9CB64F01-16BA-47D0-A085-699237BCADB3}
		{0BFF2478-50FD-4374-ADEB-9A409086B592} = {9CB64F01-16BA-47D0-A085-699237BCADB3}
		{D1B86B6B-8D52-452D-9C6C-D6B3C261C7CA} = {9CB64F01-16BA-47D0-A085-699237BCADB3}
		{9CC29098-1FBE-4788-962F-67CDC6CFB9B0} = {9CB64F01-16BA-47D0-A085-699237BCADB3}
	EndGlobalSection
EndGlobal
